
Microsoft Visual Studio Solution File, Format Version 12.00
# Visual Studio 15
VisualStudioVersion = 15.0.27130.2010
MinimumVisualStudioVersion = 10.0.40219.1
Project("{9A19103F-16F7-4668-BE54-9A1E7A4F7556}") = "Organiser", "Organiser\Organiser.csproj", "{13757B1A-BEF5-4C0A-8329-B154D12ACD30}"
EndProject
Project("{FAE04EC0-301F-11D3-BF4B-00C04F79EFBC}") = "Organiser.Data", "Organiser.Data\Organiser.Data.csproj", "{3EF6E47B-7E43-4BB3-BB25-7FA8992B8102}"
EndProject
Global
	GlobalSection(SolutionConfigurationPlatforms) = preSolution
		Debug|Any CPU = Debug|Any CPU
		Release|Any CPU = Release|Any CPU
	EndGlobalSection
	GlobalSection(ProjectConfigurationPlatforms) = postSolution
		{13757B1A-BEF5-4C0A-8329-B154D12ACD30}.Debug|Any CPU.ActiveCfg = Debug|Any CPU
		{13757B1A-BEF5-4C0A-8329-B154D12ACD30}.Debug|Any CPU.Build.0 = Debug|Any CPU
		{13757B1A-BEF5-4C0A-8329-B154D12ACD30}.Release|Any CPU.ActiveCfg = Release|Any CPU
		{13757B1A-BEF5-4C0A-8329-B154D12ACD30}.Release|Any CPU.Build.0 = Release|Any CPU
		{3EF6E47B-7E43-4BB3-BB25-7FA8992B8102}.Debug|Any CPU.ActiveCfg = Debug|Any CPU
		{3EF6E47B-7E43-4BB3-BB25-7FA8992B8102}.Debug|Any CPU.Build.0 = Debug|Any CPU
		{3EF6E47B-7E43-4BB3-BB25-7FA8992B8102}.Release|Any CPU.ActiveCfg = Release|Any CPU
		{3EF6E47B-7E43-4BB3-BB25-7FA8992B8102}.Release|Any CPU.Build.0 = Release|Any CPU
	EndGlobalSection
	GlobalSection(SolutionProperties) = preSolution
		HideSolutionNode = FALSE
	EndGlobalSection
	GlobalSection(ExtensibilityGlobals) = postSolution
		SolutionGuid = {645F0792-775D-4EDE-92D9-7E980E56D500}
	EndGlobalSection
EndGlobal
